Microsoft Visual Studio Solution File, Format Version 12.00
# Visual Studio 15
VisualStudioVersion = 15.0.26124.0
MinimumVisualStudioVersion = 15.0.26124.0
Project("{9A19103F-16F7-4668-BE54-9A1E7A4F7556}") = "GildedRose", "GildedRose\GildedRose.csproj", "{86EDB7C3-FFFB-4F25-B067-A90756F05AB4}"
EndProject
Project("{9A19103F-16F7-4668-BE54-9A1E7A4F7556}") = "GildedRose.Console", "GildedRose.Console\GildedRose.Console.csproj", "{AA95B3B8-F691-4A5C-9996-55B437C722BA}"
EndProject
Project("{9A19103F-16F7-4668-BE54-9A1E7A4F7556}") = "GildedRose.Tests", "GildedRose.Tests\GildedRose.Tests.csproj", "{1563AA4A-12A3-4668-944C-C7375190DA2E}"
EndProject
Global
	GlobalSection(SolutionConfigurationPlatforms) = preSolution
		Debug|Any CPU = Debug|Any CPU
		Debug|x64 = Debug|x64
		Debug|x86 = Debug|x86
		Release|Any CPU = Release|Any CPU
		Release|x64 = Release|x64
		Release|x86 = Release|x86
	EndGlobalSection
	GlobalSection(ProjectConfigurationPlatforms) = postSolution
		{86EDB7C3-FFFB-4F25-B067-A90756F05AB4}.Debug|Any CPU.ActiveCfg = Debug|Any CPU
		{86EDB7C3-FFFB-4F25-B067-A90756F05AB4}.Debug|Any CPU.Build.0 = Debug|Any CPU
		{86EDB7C3-FFFB-4F25-B067-A90756F05AB4}.Debug|x64.ActiveCfg = Debug|Any CPU
		{86EDB7C3-FFFB-4F25-B067-A90756F05AB4}.Debug|x64.Build.0 = Debug|Any CPU
		{86EDB7C3-FFFB-4F25-B067-A90756F05AB4}.Debug|x86.ActiveCfg = Debug|Any CPU
		{86EDB7C3-FFFB-4F25-B067-A90756F05AB4}.Debug|x86.Build.0 = Debug|Any CPU
		{86EDB7C3-FFFB-4F25-B067-A90756F05AB4}.Release|Any CPU.ActiveCfg = Release|Any CPU
		{86EDB7C3-FFFB-4F25-B067-A90756F05AB4}.Release|Any CPU.Build.0 = Release|Any CPU
		{86EDB7C3-FFFB-4F25-B067-A90756F05AB4}.Release|x64.ActiveCfg = Release|Any CPU
		{86EDB7C3-FFFB-4F25-B067-A90756F05AB4}.Release|x64.Build.0 = Release|Any CPU
		{86EDB7C3-FFFB-4F25-B067-A90756F05AB4}.Release|x86.ActiveCfg = Release|Any CPU
		{86EDB7C3-FFFB-4F25-B067-A90756F05AB4}.Release|x86.Build.0 = Release|Any CPU
		{AA95B3B8-F691-4A5C-9996-55B437C722BA}.Debug|Any CPU.ActiveCfg = Debug|Any CPU
		{AA95B3B8-F691-4A5C-9996-55B437C722BA}.Debug|Any CPU.Build.0 = Debug|Any CPU
		{AA95B3B8-F691-4A5C-9996-55B437C722BA}.Debug|x64.ActiveCfg = Debug|Any CPU
		{AA95B3B8-F691-4A5C-9996-55B437C722BA}.Debug|x64.Build.0 = Debug|Any CPU
		{AA95B3B8-F691-4A5C-9996-55B437C722BA}.Debug|x86.ActiveCfg = Debug|Any CPU
		{AA95B3B8-F691-4A5C-9996-55B437C722BA}.Debug|x86.Build.0 = Debug|Any CPU
		{AA95B3B8-F691-4A5C-9996-55B437C722BA}.Release|Any CPU.ActiveCfg = Release|Any CPU
		{AA95B3B8-F691-4A5C-9996-55B437C722BA}.Release|Any CPU.Build.0 = Release|Any CPU
		{AA95B3B8-F691-4A5C-9996-55B437C722BA}.Release|x64.ActiveCfg = Release|Any CPU
		{AA95B3B8-F691-4A5C-9996-55B437C722BA}.Release|x64.Build.0 = Release|Any CPU
		{AA95B3B8-F691-4A5C-9996-55B437C722BA}.Release|x86.ActiveCfg = Release|Any CPU
		{AA95B3B8-F691-4A5C-9996-55B437C722BA}.Release|x86.Build.0 = Release|Any CPU
		{1563AA4A-12A3-4668-944C-C7375190DA2E}.Debug|Any CPU.ActiveCfg = Debug|Any CPU
		{1563AA4A-12A3-4668-944C-C7375190DA2E}.Debug|Any CPU.Build.0 = Debug|Any CPU
		{1563AA4A-12A3-4668-944C-C7375190DA2E}.Debug|x64.ActiveCfg = Debug|Any CPU
		{1563AA4A-12A3-4668-944C-C7375190DA2E}.Debug|x64.Build.0 = Debug|Any CPU
		{1563AA4A-12A3-4668-944C-C7375190DA2E}.Debug|x86.ActiveCfg = Debug|Any CPU
		{1563AA4A-12A3-4668-944C-C7375190DA2E}.Debug|x86.Build.0 = Debug|Any CPU
		{1563AA4A-12A3-4668-944C-C7375190DA2E}.Release|Any CPU.ActiveCfg = Release|Any CPU
		{1563AA4A-12A3-4668-944C-C7375190DA2E}.Release|Any CPU.Build.0 = Release|Any CPU
		{1563AA4A-12A3-4668-944C-C7375190DA2E}.Release|x64.ActiveCfg = Release|Any CPU
		{1563AA4A-12A3-4668-944C-C7375190DA2E}.Release|x64.Build.0 = Release|Any CPU
		{1563AA4A-12A3-4668-944C-C7375190DA2E}.Release|x86.ActiveCfg = Release|Any CPU
		{1563AA4A-12A3-4668-944C-C7375190DA2E}.Release|x86.Build.0 = Release|Any CPU
	EndGlobalSection
	GlobalSection(SolutionProperties) = preSolution
		HideSolutionNode = FALSE
	EndGlobalSection
	GlobalSection(ExtensibilityGlobals) = postSolution
		SolutionGuid = {247B11B7-6133-4BDE-9176-BD151E72FDF9}
	EndGlobalSection
EndGlobal
